
Microsoft Visual Studio Solution File, Format Version 12.00
# Visual Studio Version 16
VisualStudioVersion = 16.0.32002.261
MinimumVisualStudioVersion = 10.0.40219.1
Project("{FAE04EC0-301F-11D3-BF4B-00C04F79EFBC}") = "Static1", "Static1\Static1.csproj", "{5A61BA9E-6F56-4E91-A81E-3C371B3957DA}"
EndProject
Global
	GlobalSection(SolutionConfigurationPlatforms) = preSolution
		Debug|Any CPU = Debug|Any CPU
		Release|Any CPU = Release|Any CPU
	EndGlobalSection
	GlobalSection(ProjectConfigurationPlatforms) = postSolution
		{5A61BA9E-6F56-4E91-A81E-3C371B3957DA}.Debug|Any CPU.ActiveCfg = Debug|Any CPU
		{5A61BA9E-6F56-4E91-A81E-3C371B3957DA}.Debug|Any CPU.Build.0 = Debug|Any CPU
		{5A61BA9E-6F56-4E91-A81E-3C371B3957DA}.Release|Any CPU.ActiveCfg = Release|Any CPU
		{5A61BA9E-6F56-4E91-A81E-3C371B3957DA}.Release|Any CPU.Build.0 = Release|Any CPU
	EndGlobalSection
	GlobalSection(SolutionProperties) = preSolution
		HideSolutionNode = FALSE
	EndGlobalSection
	GlobalSection(ExtensibilityGlobals) = postSolution
		SolutionGuid = {1F9FB7EE-B875-47FF-B0B0-601EF9CB3D18}
	EndGlobalSection
EndGlobal
